
Microsoft Visual Studio Solution File, Format Version 12.00
# Visual Studio Version 16
VisualStudioVersion = 16.0.29409.12
MinimumVisualStudioVersion = 10.0.40219.1
Project("{8BC9CEB8-8B4A-11D0-8D11-00A0C91BC942}") = "OpenGLTutorial", "OpenGLTutorial\OpenGLTutorial.vcxproj", "{716AC9E8-3845-4ADF-8A6A-2727F1361B64}"
EndProject
Project("{2150E333-8FDC-42A3-9474-1A3956D46DE8}") = "Solution Items", "Solution Items", "{E6BE0DC4-9298-4521-AE16-715BDB5824FF}"
	ProjectSection(SolutionItems) = preProject
		Opis.md = Opis.md
	EndProjectSection
EndProject
Global
	GlobalSection(SolutionConfigurationPlatforms) = preSolution
		Debug|x64 = Debug|x64
		Debug|x86 = Debug|x86
		Release|x64 = Release|x64
		Release|x86 = Release|x86
	EndGlobalSection
	GlobalSection(ProjectConfigurationPlatforms) = postSolution
		{716AC9E8-3845-4ADF-8A6A-2727F1361B64}.Debug|x64.ActiveCfg = Debug|x64
		{716AC9E8-3845-4ADF-8A6A-2727F1361B64}.Debug|x64.Build.0 = Debug|x64
		{716AC9E8-3845-4ADF-8A6A-2727F1361B64}.Debug|x86.ActiveCfg = Debug|Win32
		{716AC9E8-3845-4ADF-8A6A-2727F1361B64}.Debug|x86.Build.0 = Debug|Win32
		{716AC9E8-3845-4ADF-8A6A-2727F1361B64}.Release|x64.ActiveCfg = Release|x64
		{716AC9E8-3845-4ADF-8A6A-2727F1361B64}.Release|x64.Build.0 = Release|x64
		{716AC9E8-3845-4ADF-8A6A-2727F1361B64}.Release|x86.ActiveCfg = Release|Win32
		{716AC9E8-3845-4ADF-8A6A-2727F1361B64}.Release|x86.Build.0 = Release|Win32
	EndGlobalSection
	GlobalSection(SolutionProperties) = preSolution
		HideSolutionNode = FALSE
	EndGlobalSection
	GlobalSection(ExtensibilityGlobals) = postSolution
		SolutionGuid = {52CB86FA-C528-49AF-A491-F6CCEEBA0CEC}
	EndGlobalSection
EndGlobal
